
Microsoft Visual Studio Solution File, Format Version 12.00
# Visual Studio 15
VisualStudioVersion = 15.0.27703.2042
MinimumVisualStudioVersion = 10.0.40219.1
Project("{FAE04EC0-301F-11D3-BF4B-00C04F79EFBC}") = "EfCoreOwnedEntitesConcurrencyProblemTest", "EfCoreOwnedEntitesConcurrencyProblemTest\EfCoreOwnedEntitesConcurrencyProblemTest.csproj", "{FE1A2EDB-D015-4450-8D69-8805CA022CB6}"
EndProject
Global
	GlobalSection(SolutionConfigurationPlatforms) = preSolution
		Debug|Any CPU = Debug|Any CPU
		Release|Any CPU = Release|Any CPU
	EndGlobalSection
	GlobalSection(ProjectConfigurationPlatforms) = postSolution
		{FE1A2EDB-D015-4450-8D69-8805CA022CB6}.Debug|Any CPU.ActiveCfg = Debug|Any CPU
		{FE1A2EDB-D015-4450-8D69-8805CA022CB6}.Debug|Any CPU.Build.0 = Debug|Any CPU
		{FE1A2EDB-D015-4450-8D69-8805CA022CB6}.Release|Any CPU.ActiveCfg = Release|Any CPU
		{FE1A2EDB-D015-4450-8D69-8805CA022CB6}.Release|Any CPU.Build.0 = Release|Any CPU
	EndGlobalSection
	GlobalSection(SolutionProperties) = preSolution
		HideSolutionNode = FALSE
	EndGlobalSection
	GlobalSection(ExtensibilityGlobals) = postSolution
		SolutionGuid = {8482227B-6432-4108-9DB6-FE9D714B1395}
	EndGlobalSection
EndGlobal
